
Microsoft Visual Studio Solution File, Format Version 12.00
# Visual Studio Version 17
VisualStudioVersion = 17.5.33530.505
MinimumVisualStudioVersion = 10.0.40219.1
Project("{9A19103F-16F7-4668-BE54-9A1E7A4F7556}") = "ElectionBlockchain.API", "ElectionBlockchain.API\ElectionBlockchain.API.csproj", "{50522E2F-6531-4E42-B50D-AC10ACCD930D}"
EndProject
Project("{9A19103F-16F7-4668-BE54-9A1E7A4F7556}") = "ElectionBlockchain.Services", "ElectionBlockchain.Services\ElectionBlockchain.Services.csproj", "{AD04D83E-8D95-4A42-81F4-9B8D432DCA77}"
EndProject
Project("{9A19103F-16F7-4668-BE54-9A1E7A4F7556}") = "ElectionBlockchain.Model", "ElectionBlockchain.Model\ElectionBlockchain.Model.csproj", "{03C8D260-0B0B-4836-B68F-6F321C505696}"
EndProject
Project("{9A19103F-16F7-4668-BE54-9A1E7A4F7556}") = "ElectionBlockchain.DAL", "ElectionBlockchain.DAL\ElectionBlockchain.DAL.csproj", "{F509A5B6-F1A6-44E6-B921-B7C7889B7253}"
EndProject
Project("{9A19103F-16F7-4668-BE54-9A1E7A4F7556}") = "Test", "Test\Test.csproj", "{22F4228E-F28C-4E96-931C-6D45E72217E3}"
EndProject
Project("{2150E333-8FDC-42A3-9474-1A3956D46DE8}") = "Solution Items", "Solution Items", "{1ECDAB1D-A085-4516-B4DF-DDA73849FCF2}"
EndProject
Project("{E53339B2-1760-4266-BCC7-CA923CBCF16C}") = "docker-compose", "docker-compose.dcproj", "{F25A242A-B1EE-4C2A-9CF0-210186A4102F}"
EndProject
Global
	GlobalSection(SolutionConfigurationPlatforms) = preSolution
		Debug|Any CPU = Debug|Any CPU
		Release|Any CPU = Release|Any CPU
	EndGlobalSection
	GlobalSection(ProjectConfigurationPlatforms) = postSolution
		{50522E2F-6531-4E42-B50D-AC10ACCD930D}.Debug|Any CPU.ActiveCfg = Debug|Any CPU
		{50522E2F-6531-4E42-B50D-AC10ACCD930D}.Debug|Any CPU.Build.0 = Debug|Any CPU
		{50522E2F-6531-4E42-B50D-AC10ACCD930D}.Release|Any CPU.ActiveCfg = Release|Any CPU
		{50522E2F-6531-4E42-B50D-AC10ACCD930D}.Release|Any CPU.Build.0 = Release|Any CPU
		{AD04D83E-8D95-4A42-81F4-9B8D432DCA77}.Debug|Any CPU.ActiveCfg = Debug|Any CPU
		{AD04D83E-8D95-4A42-81F4-9B8D432DCA77}.Debug|Any CPU.Build.0 = Debug|Any CPU
		{AD04D83E-8D95-4A42-81F4-9B8D432DCA77}.Release|Any CPU.ActiveCfg = Release|Any CPU
		{AD04D83E-8D95-4A42-81F4-9B8D432DCA77}.Release|Any CPU.Build.0 = Release|Any CPU
		{03C8D260-0B0B-4836-B68F-6F321C505696}.Debug|Any CPU.ActiveCfg = Debug|Any CPU
		{03C8D260-0B0B-4836-B68F-6F321C505696}.Debug|Any CPU.Build.0 = Debug|Any CPU
		{03C8D260-0B0B-4836-B68F-6F321C505696}.Release|Any CPU.ActiveCfg = Release|Any CPU
		{03C8D260-0B0B-4836-B68F-6F321C505696}.Release|Any CPU.Build.0 = Release|Any CPU
		{F509A5B6-F1A6-44E6-B921-B7C7889B7253}.Debug|Any CPU.ActiveCfg = Debug|Any CPU
		{F509A5B6-F1A6-44E6-B921-B7C7889B7253}.Debug|Any CPU.Build.0 = Debug|Any CPU
		{F509A5B6-F1A6-44E6-B921-B7C7889B7253}.Release|Any CPU.ActiveCfg = Release|Any CPU
		{F509A5B6-F1A6-44E6-B921-B7C7889B7253}.Release|Any CPU.Build.0 = Release|Any CPU
		{22F4228E-F28C-4E96-931C-6D45E72217E3}.Debug|Any CPU.ActiveCfg = Debug|Any CPU
		{22F4228E-F28C-4E96-931C-6D45E72217E3}.Debug|Any CPU.Build.0 = Debug|Any CPU
		{22F4228E-F28C-4E96-931C-6D45E72217E3}.Release|Any CPU.ActiveCfg = Release|Any CPU
		{22F4228E-F28C-4E96-931C-6D45E72217E3}.Release|Any CPU.Build.0 = Release|Any CPU
		{F25A242A-B1EE-4C2A-9CF0-210186A4102F}.Debug|Any CPU.ActiveCfg = Debug|Any CPU
		{F25A242A-B1EE-4C2A-9CF0-210186A4102F}.Debug|Any CPU.Build.0 = Debug|Any CPU
		{F25A242A-B1EE-4C2A-9CF0-210186A4102F}.Release|Any CPU.ActiveCfg = Release|Any CPU
		{F25A242A-B1EE-4C2A-9CF0-210186A4102F}.Release|Any CPU.Build.0 = Release|Any CPU
	EndGlobalSection
	GlobalSection(SolutionProperties) = preSolution
		HideSolutionNode = FALSE
	EndGlobalSection
	GlobalSection(ExtensibilityGlobals) = postSolution
		SolutionGuid = {FA620789-416E-43EE-9F31-353BC92D873E}
	EndGlobalSection
EndGlobal
